<?xml version="1.0" encoding="utf-8"?>
<Project ToolsVersion="4.0" xmlns="http://schemas.microsoft.com/developer/msbuild/2003">
  <ItemGroup>
    <Filter Include="Source Files">
      <UniqueIdentifier>{4FC737F1-C7A5-4376-A066-2A32D752A2FF}</UniqueIdentifier>
      <Extensions>cpp;c;cc;cxx;c++;cppm;ixx;def;odl;idl;hpj;bat;asm;asmx</Extensions>
    </Filter>
    <Filter Include="Header Files">
      <UniqueIdentifier>{93995380-89BD-4b04-88EB-625FBE52EBFB}</UniqueIdentifier>
      <Extensions>h;hh;hpp;hxx;h++;hm;inl;inc;ipp;xsd</Extensions>
    </Filter>
    <Filter Include="Resource Files">
      <UniqueIdentifier>{67DA6AB6-F800-4c08-8B7A-83BB121AAD01}</UniqueIdentifier>
      <Extensions>rc;ico;cur;bmp;dlg;rc2;rct;bin;rgs;gif;jpg;jpeg;jpe;resx;tiff;tif;png;wav;mfcribbon-ms</Extensions>
    </Filter>
    <Filter Include="Header Files\Reddit">
      <UniqueIdentifier>{d25e1c79-0a6a-436e-8639-b53aef2f6512}</UniqueIdentifier>
    </Filter>
    <Filter Include="Source Files\Reddit">
      <UniqueIdentifier>{97629cc3-ccc0-4942-9240-bf68055a4648}</UniqueIdentifier>
    </Filter>
    <Filter Include="Header Files\Images">
      <UniqueIdentifier>{1320b53a-d927-4703-b2bc-c551bbb344bf}</UniqueIdentifier>
    </Filter>
    <Filter Include="Source Files\Images">
      <UniqueIdentifier>{e11df94d-9ca3-4199-9e58-f5ce81c076ab}</UniqueIdentifier>
    </Filter>
  </ItemGroup>
  <ItemGroup>
    <ClCompile Include="exceptions.cpp">
      <Filter>Source Files</Filter>
    </ClCompile>
    <ClCompile Include="Logger.cpp">
      <Filter>Source Files</Filter>
    </ClCompile>
    <ClCompile Include="main.cpp">
      <Filter>Source Files</Filter>
    </ClCompile>
    <ClCompile Include="Misc.cpp">
      <Filter>Source Files</Filter>
    </ClCompile>
    <ClCompile Include="ParseOptions.cpp">
      <Filter>Source Files</Filter>
    </ClCompile>
    <ClCompile Include="Scarlett.cpp">
      <Filter>Source Files</Filter>
    </ClCompile>
    <ClCompile Include="StringOps.cpp">
      <Filter>Source Files</Filter>
    </ClCompile>
    <ClCompile Include="Reddit\Comment.cpp">
      <Filter>Source Files\Reddit</Filter>
    </ClCompile>
    <ClCompile Include="Reddit\Galleries.cpp">
      <Filter>Source Files\Reddit</Filter>
    </ClCompile>
    <ClCompile Include="Reddit\Link.cpp">
      <Filter>Source Files\Reddit</Filter>
    </ClCompile>
    <ClCompile Include="Reddit\Linkable.cpp">
      <Filter>Source Files\Reddit</Filter>
    </ClCompile>
    <ClCompile Include="Reddit\Postable.cpp">
      <Filter>Source Files\Reddit</Filter>
    </ClCompile>
    <ClCompile Include="Reddit\Subreddit.cpp">
      <Filter>Source Files\Reddit</Filter>
    </ClCompile>
    <ClCompile Include="Reddit\TextPost.cpp">
      <Filter>Source Files\Reddit</Filter>
    </ClCompile>
    <ClCompile Include="Reddit\Video.cpp">
      <Filter>Source Files\Reddit</Filter>
    </ClCompile>
    <ClCompile Include="Images\Imgur.cpp">
      <Filter>Source Files\Images</Filter>
    </ClCompile>
    <ClCompile Include="Reddit\SelfPosts.cpp">
      <Filter>Source Files\Reddit</Filter>
    </ClCompile>
    <ClCompile Include="Reddit\SubredditMetadata.cpp">
      <Filter>Source Files\Reddit</Filter>
    </ClCompile>
  </ItemGroup>
  <ItemGroup>
    <ClInclude Include="exceptions.hpp">
      <Filter>Header Files</Filter>
    </ClInclude>
    <ClInclude Include="Logger.hpp">
      <Filter>Header Files</Filter>
    </ClInclude>
    <ClInclude Include="Misc.hpp">
      <Filter>Header Files</Filter>
    </ClInclude>
    <ClInclude Include="ParseOptions.hpp">
      <Filter>Header Files</Filter>
    </ClInclude>
    <ClInclude Include="Scarlett.hpp">
      <Filter>Header Files</Filter>
    </ClInclude>
    <ClInclude Include="StringOps.hpp">
      <Filter>Header Files</Filter>
    </ClInclude>
    <ClInclude Include="Reddit\Comment.hpp">
      <Filter>Header Files\Reddit</Filter>
    </ClInclude>
    <ClInclude Include="Reddit\Galleries.hpp">
      <Filter>Header Files\Reddit</Filter>
    </ClInclude>
    <ClInclude Include="Reddit\Link.hpp">
      <Filter>Header Files\Reddit</Filter>
    </ClInclude>
    <ClInclude Include="Reddit\Linkable.hpp">
      <Filter>Header Files\Reddit</Filter>
    </ClInclude>
    <ClInclude Include="Reddit\Postable.hpp">
      <Filter>Header Files\Reddit</Filter>
    </ClInclude>
    <ClInclude Include="Reddit\Subreddit.hpp">
      <Filter>Header Files\Reddit</Filter>
    </ClInclude>
    <ClInclude Include="Reddit\TextPost.hpp">
      <Filter>Header Files\Reddit</Filter>
    </ClInclude>
    <ClInclude Include="Reddit\Video.hpp">
      <Filter>Header Files\Reddit</Filter>
    </ClInclude>
    <ClInclude Include="Images\Imgur.hpp">
      <Filter>Header Files\Images</Filter>
    </ClInclude>
    <ClInclude Include="Reddit\SelfPost.hpp">
      <Filter>Header Files\Reddit</Filter>
    </ClInclude>
    <ClInclude Include="Reddit\RedditAssets.hpp">
      <Filter>Header Files\Reddit</Filter>
    </ClInclude>
    <ClInclude Include="Reddit\SubredditMetadata.hpp">
      <Filter>Header Files\Reddit</Filter>
    </ClInclude>
  </ItemGroup>
  <ItemGroup>
    <None Include="packages.config" />
  </ItemGroup>
</Project>