<?xml version="1.0" encoding="utf-8"?>
<Project ToolsVersion="4.0" xmlns="http://schemas.microsoft.com/developer/msbuild/2003">
  <ItemGroup>
    <Filter Include="Source Files">
      <UniqueIdentifier>{4FC737F1-C7A5-4376-A066-2A32D752A2FF}</UniqueIdentifier>
      <Extensions>cpp;c;cc;cxx;c++;cppm;ixx;def;odl;idl;hpj;bat;asm;asmx</Extensions>
    </Filter>
    <Filter Include="Header Files">
      <UniqueIdentifier>{93995380-89BD-4b04-88EB-625FBE52EBFB}</UniqueIdentifier>
      <Extensions>h;hh;hpp;hxx;h++;hm;inl;inc;ipp;xsd</Extensions>
    </Filter>
    <Filter Include="Resource Files">
      <UniqueIdentifier>{67DA6AB6-F800-4c08-8B7A-83BB121AAD01}</UniqueIdentifier>
      <Extensions>rc;ico;cur;bmp;dlg;rc2;rct;bin;rgs;gif;jpg;jpeg;jpe;resx;tiff;tif;png;wav;mfcribbon-ms</Extensions>
    </Filter>
    <Filter Include="Header Files\Scarlett">
      <UniqueIdentifier>{13352896-2479-44a0-a88c-b37f1dc3e5e3}</UniqueIdentifier>
    </Filter>
    <Filter Include="Header Files\Reddit">
      <UniqueIdentifier>{3594300e-1109-4d03-bc44-5ccd1b6e7645}</UniqueIdentifier>
    </Filter>
    <Filter Include="Source Files\Reddit">
      <UniqueIdentifier>{4a660918-4d17-44ba-a74e-bbb4a20d460d}</UniqueIdentifier>
    </Filter>
    <Filter Include="Header Files\Reddit\BaseTypes">
      <UniqueIdentifier>{0799fde5-6c93-4c96-a262-c2f0ca1a5c64}</UniqueIdentifier>
    </Filter>
    <Filter Include="Source Files\Reddit\BaseTypes">
      <UniqueIdentifier>{81329249-76b5-4bcf-b833-aac22666d44e}</UniqueIdentifier>
    </Filter>
    <Filter Include="Source Files\Scarlett">
      <UniqueIdentifier>{5fdd8042-f3ae-4746-909e-5f7fc90746ca}</UniqueIdentifier>
    </Filter>
    <Filter Include="Header Files\Media">
      <UniqueIdentifier>{e11b421f-a469-41dd-a66b-bd383f1949d9}</UniqueIdentifier>
    </Filter>
    <Filter Include="Source Files\Media">
      <UniqueIdentifier>{3a9a4384-0d6f-4c8a-8d2e-d556c9695da5}</UniqueIdentifier>
    </Filter>
  </ItemGroup>
  <ItemGroup>
    <None Include="packages.config" />
  </ItemGroup>
  <ItemGroup>
    <ClInclude Include="Reddit\Comment.hpp">
      <Filter>Header Files\Reddit</Filter>
    </ClInclude>
    <ClInclude Include="Reddit\Galleries.hpp">
      <Filter>Header Files\Reddit</Filter>
    </ClInclude>
    <ClInclude Include="Reddit\RedditAssets.hpp">
      <Filter>Header Files\Reddit</Filter>
    </ClInclude>
    <ClInclude Include="Reddit\SelfPost.hpp">
      <Filter>Header Files\Reddit</Filter>
    </ClInclude>
    <ClInclude Include="Reddit\Subreddit.hpp">
      <Filter>Header Files\Reddit</Filter>
    </ClInclude>
    <ClInclude Include="Reddit\SubredditMetadata.hpp">
      <Filter>Header Files\Reddit</Filter>
    </ClInclude>
    <ClInclude Include="Reddit\Video.hpp">
      <Filter>Header Files\Reddit</Filter>
    </ClInclude>
    <ClInclude Include="Reddit\BaseTypes\Link.hpp">
      <Filter>Header Files\Reddit\BaseTypes</Filter>
    </ClInclude>
    <ClInclude Include="Reddit\BaseTypes\Linkable.hpp">
      <Filter>Header Files\Reddit\BaseTypes</Filter>
    </ClInclude>
    <ClInclude Include="Reddit\BaseTypes\Postable.hpp">
      <Filter>Header Files\Reddit\BaseTypes</Filter>
    </ClInclude>
    <ClInclude Include="Reddit\BaseTypes\TextPost.hpp">
      <Filter>Header Files\Reddit\BaseTypes</Filter>
    </ClInclude>
    <ClInclude Include="Scarlett\exceptions.hpp">
      <Filter>Header Files\Scarlett</Filter>
    </ClInclude>
    <ClInclude Include="Scarlett\Logger.hpp">
      <Filter>Header Files\Scarlett</Filter>
    </ClInclude>
    <ClInclude Include="Scarlett\Misc.hpp">
      <Filter>Header Files\Scarlett</Filter>
    </ClInclude>
    <ClInclude Include="Scarlett\ParseOptions.hpp">
      <Filter>Header Files\Scarlett</Filter>
    </ClInclude>
    <ClInclude Include="Scarlett\Scarlett.hpp">
      <Filter>Header Files\Scarlett</Filter>
    </ClInclude>
    <ClInclude Include="Scarlett\StringOps.hpp">
      <Filter>Header Files\Scarlett</Filter>
    </ClInclude>
    <ClInclude Include="Media\Imgur.hpp">
      <Filter>Header Files\Media</Filter>
    </ClInclude>
  </ItemGroup>
  <ItemGroup>
    <ClCompile Include="Reddit\Video.cpp">
      <Filter>Source Files\Reddit</Filter>
    </ClCompile>
    <ClCompile Include="Reddit\SubredditMetadata.cpp">
      <Filter>Source Files\Reddit</Filter>
    </ClCompile>
    <ClCompile Include="Reddit\Subreddit.cpp">
      <Filter>Source Files\Reddit</Filter>
    </ClCompile>
    <ClCompile Include="Reddit\SelfPosts.cpp">
      <Filter>Source Files\Reddit</Filter>
    </ClCompile>
    <ClCompile Include="Reddit\Galleries.cpp">
      <Filter>Source Files\Reddit</Filter>
    </ClCompile>
    <ClCompile Include="Reddit\Comment.cpp">
      <Filter>Source Files\Reddit</Filter>
    </ClCompile>
    <ClCompile Include="Reddit\BaseTypes\Link.cpp">
      <Filter>Source Files\Reddit\BaseTypes</Filter>
    </ClCompile>
    <ClCompile Include="Reddit\BaseTypes\Linkable.cpp">
      <Filter>Source Files\Reddit\BaseTypes</Filter>
    </ClCompile>
    <ClCompile Include="Reddit\BaseTypes\Postable.cpp">
      <Filter>Source Files\Reddit\BaseTypes</Filter>
    </ClCompile>
    <ClCompile Include="Reddit\BaseTypes\TextPost.cpp">
      <Filter>Source Files\Reddit\BaseTypes</Filter>
    </ClCompile>
    <ClCompile Include="Scarlett\exceptions.cpp">
      <Filter>Source Files\Scarlett</Filter>
    </ClCompile>
    <ClCompile Include="Scarlett\Logger.cpp">
      <Filter>Source Files\Scarlett</Filter>
    </ClCompile>
    <ClCompile Include="Scarlett\Misc.cpp">
      <Filter>Source Files\Scarlett</Filter>
    </ClCompile>
    <ClCompile Include="Scarlett\ParseOptions.cpp">
      <Filter>Source Files\Scarlett</Filter>
    </ClCompile>
    <ClCompile Include="Scarlett\Scarlett.cpp">
      <Filter>Source Files\Scarlett</Filter>
    </ClCompile>
    <ClCompile Include="Scarlett\StringOps.cpp">
      <Filter>Source Files\Scarlett</Filter>
    </ClCompile>
    <ClCompile Include="main.cpp">
      <Filter>Source Files</Filter>
    </ClCompile>
    <ClCompile Include="Media\Imgur.cpp">
      <Filter>Source Files\Media</Filter>
    </ClCompile>
  </ItemGroup>
</Project>